lockVersion: 2.0.0
id: 01b4ba3c-d9b5-403a-adb5-b7041c0829f2
management:
  docChecksum: f5639556bbb478114b7e90796904fe73
  docVersion: 4.14.0-alpha.1752602215751-e622ff04
  speakeasyVersion: 1.581.0
  generationVersion: 2.656.5
  releaseVersion: 0.0.5
  configChecksum: 664ae17e0a4e27298a7a80007dc30918
  repoURL: https://github.com/criblio/cribl-control-plane-sdk-go.git
  installationURL: https://github.com/criblio/cribl-control-plane-sdk-go
features:
  go:
    additionalDependencies: 0.1.0
    core: 3.8.1
    defaultEnabledRetries: 0.2.0
    devContainers: 2.90.0
    envVarSecurityUsage: 0.3.2
    globalSecurity: 2.82.11
    globalSecurityCallbacks: 0.1.0
    globalServerURLs: 2.82.3
    intellisenseMarkdownSupport: 0.1.0
    mockServer: 0.1.1
    oauth2ClientCredentials: 0.3.1
    openEnums: 0.1.0
    responseFormat: 0.1.2
    retries: 2.83.3
    sdkHooks: 0.2.0
    tests: 0.16.1
generatedFiles:
  - .devcontainer/README.md
  - .devcontainer/devcontainer.json
  - .devcontainer/setup.sh
  - .gitattributes
  - /models/apierrors/healthstatuserror.go
  - /models/components/authtoken.go
  - /models/components/healthstatus.go
  - /models/components/httpmetadata.go
  - /models/components/logininfo.go
  - /models/components/schemeclientoauth.go
  - /models/components/security.go
  - /models/operations/gethealthinfo.go
  - /models/operations/login.go
  - USAGE.md
  - auth.go
  - criblcontrolplane.go
  - diag.go
  - docs/models/apierrors/healthstatuserror.md
  - docs/models/components/authtoken.md
  - docs/models/components/healthstatus.md
  - docs/models/components/httpmetadata.md
  - docs/models/components/logininfo.md
  - docs/models/components/role.md
  - docs/models/components/schemeclientoauth.md
  - docs/models/components/security.md
  - docs/models/components/status.md
  - docs/models/operations/gethealthinforesponse.md
  - docs/models/operations/loginresponse.md
  - docs/models/operations/option.md
  - docs/sdks/auth/README.md
  - docs/sdks/criblcontrolplane/README.md
  - docs/sdks/diag/README.md
  - docs/sdks/health/README.md
  - go.mod
  - health.go
  - internal/config/sdkconfiguration.go
  - internal/hooks/clientcredentials.go
  - internal/hooks/hooks.go
  - internal/utils/contenttype.go
  - internal/utils/env.go
  - internal/utils/form.go
  - internal/utils/headers.go
  - internal/utils/json.go
  - internal/utils/oauth2_credentials.go
  - internal/utils/oauth2_sessions.go
  - internal/utils/pathparams.go
  - internal/utils/queryparams.go
  - internal/utils/requestbody.go
  - internal/utils/retries.go
  - internal/utils/security.go
  - internal/utils/utils.go
  - models/apierrors/apierror.go
  - models/operations/options.go
  - retry/config.go
  - tests/auth_test.go
  - tests/diag_test.go
  - tests/files.go
  - tests/mockserver/.gitignore
  - tests/mockserver/Dockerfile
  - tests/mockserver/Makefile
  - tests/mockserver/README.md
  - tests/mockserver/go.mod
  - tests/mockserver/go.sum
  - tests/mockserver/internal/handler/assert/contenttype.go
  - tests/mockserver/internal/handler/assert/header.go
  - tests/mockserver/internal/handler/assert/parameter.go
  - tests/mockserver/internal/handler/assert/pointer.go
  - tests/mockserver/internal/handler/assert/security.go
  - tests/mockserver/internal/handler/doc.go
  - tests/mockserver/internal/handler/generated_handler.go
  - tests/mockserver/internal/handler/generated_handlers.go
  - tests/mockserver/internal/handler/pathgethealth.go
  - tests/mockserver/internal/handler/pathpostauthlogin.go
  - tests/mockserver/internal/handler/values/files.go
  - tests/mockserver/internal/logging/doc.go
  - tests/mockserver/internal/logging/formats.go
  - tests/mockserver/internal/logging/http_file.go
  - tests/mockserver/internal/logging/http_logger.go
  - tests/mockserver/internal/logging/levels.go
  - tests/mockserver/internal/logging/logger.go
  - tests/mockserver/internal/logging/oas_operation.go
  - tests/mockserver/internal/logging/oas_operation_call.go
  - tests/mockserver/internal/sdk/models/components/authtoken.go
  - tests/mockserver/internal/sdk/models/components/healthstatus.go
  - tests/mockserver/internal/sdk/models/components/httpmetadata.go
  - tests/mockserver/internal/sdk/models/components/logininfo.go
  - tests/mockserver/internal/sdk/models/components/schemeclientoauth.go
  - tests/mockserver/internal/sdk/models/components/security.go
  - tests/mockserver/internal/sdk/models/operations/gethealthinfo.go
  - tests/mockserver/internal/sdk/models/operations/login.go
  - tests/mockserver/internal/sdk/models/sdkerrors/healthstatuserror.go
  - tests/mockserver/internal/sdk/types/bigint.go
  - tests/mockserver/internal/sdk/types/date.go
  - tests/mockserver/internal/sdk/types/datetime.go
  - tests/mockserver/internal/sdk/types/decimal.go
  - tests/mockserver/internal/sdk/types/jsonl/jsonl.go
  - tests/mockserver/internal/sdk/types/pointers.go
  - tests/mockserver/internal/sdk/utils/json.go
  - tests/mockserver/internal/sdk/utils/reflect.go
  - tests/mockserver/internal/sdk/utils/sort.go
  - tests/mockserver/internal/server/doc.go
  - tests/mockserver/internal/server/generated_handlers.go
  - tests/mockserver/internal/server/internal_handlers.go
  - tests/mockserver/internal/server/server.go
  - tests/mockserver/internal/server/server_option.go
  - tests/mockserver/internal/server/templates/log/index.html.tmpl
  - tests/mockserver/internal/server/templates/log/operation.html.tmpl
  - tests/mockserver/internal/server/templates/log/style.css.tmpl
  - tests/mockserver/internal/tracking/requesttracker.go
  - tests/mockserver/main.go
  - tests/testclient.go
  - types/bigint.go
  - types/date.go
  - types/datetime.go
  - types/decimal.go
  - types/pointers.go
examples:
  getHealthInfo:
    speakeasy-default-get-health-info:
      responses:
        "200":
          application/json: {"status": "standby", "startTime": 8399.98}
        "420":
          application/json: {"status": "healthy", "startTime": 893.91}
  login:
    speakeasy-default-login:
      requestBody:
        application/json: {"username": "Nikko.Connelly", "password": "Ljp4BunfMR9hNyM"}
      responses:
        "200":
          application/json: {"token": "<value>"}
examplesVersion: 1.0.2
generatedTests:
  getHealthInfo: "2025-07-02T19:08:45+02:00"
  login: "2025-07-15T20:32:44+02:00"
