speakeasyVersion: 1.728.0
sources:
    Cribl API Reference:
        sourceNamespace: cribl-api-reference
        sourceRevisionDigest: sha256:bd30dbe492bda30e7e965312ade816395e33445b8103110e65e97f2cdba6cfbb
        sourceBlobDigest: sha256:ebc6f4f601c8c63fee550c51db1a21604a3dc3b6531f9776d8d3d16ecbb96f2e
        tags:
            - latest
            - speakeasy-sdk-regen-dev-1772068773
            - 4.17.0-alpha.1772060715055-b28e0254
targets:
    cribl-control-plane:
        source: Cribl API Reference
        sourceNamespace: cribl-api-reference
        sourceRevisionDigest: sha256:bd30dbe492bda30e7e965312ade816395e33445b8103110e65e97f2cdba6cfbb
        sourceBlobDigest: sha256:ebc6f4f601c8c63fee550c51db1a21604a3dc3b6531f9776d8d3d16ecbb96f2e
        codeSamplesNamespace: cribl-api-reference-go-code-samples
        codeSamplesRevisionDigest: sha256:dc28f3ae4b2c7db4d5728f2f864bb7cbf5ee713435d01f1c82183203f05827dc
workflow:
    workflowVersion: 1.0.0
    speakeasyVersion: 1.728.0
    sources:
        Cribl API Reference:
            inputs:
                - location: https://raw.githubusercontent.com/criblio/cribl-openapi-spec/main/specs/control-plane-dev.yml
            output: .speakeasy/out.openapi.yaml
            registry:
                location: registry.speakeasyapi.dev/cribl/cribl/cribl-api-reference
    targets:
        cribl-control-plane:
            target: go
            source: Cribl API Reference
            codeSamples:
                registry:
                    location: registry.speakeasyapi.dev/cribl/cribl/cribl-api-reference-go-code-samples
                labelOverride:
                    fixedValue: Go (SDK)
                blocking: false
            testing:
                enabled: false
