speakeasyVersion: 1.581.0
sources:
    Cribl API Reference:
        sourceNamespace: cribl-api-reference
        sourceRevisionDigest: sha256:182a1d3d428b40b87a24da21eaf07a2b05c55b3293c8d056d6cff3fc906dbca6
        sourceBlobDigest: sha256:6779659bf7b95979b3c774ed8bff1c732ec25d12ec5e89f860ce1ffa467e02b0
        tags:
            - latest
            - speakeasy-sdk-regen-1752658228
            - 4.14.0-alpha.1752697438479-c2e9a1bc
targets:
    cribl-control-plane:
        source: Cribl API Reference
        sourceNamespace: cribl-api-reference
        sourceRevisionDigest: sha256:182a1d3d428b40b87a24da21eaf07a2b05c55b3293c8d056d6cff3fc906dbca6
        sourceBlobDigest: sha256:6779659bf7b95979b3c774ed8bff1c732ec25d12ec5e89f860ce1ffa467e02b0
        codeSamplesNamespace: cribl-api-reference-go-code-samples
        codeSamplesRevisionDigest: sha256:fd0856eef3cfd3e8eee5a99c14199ea122e5660266892b5a03d7c2a7198a23d2
workflow:
    workflowVersion: 1.0.0
    speakeasyVersion: 1.581.0
    sources:
        Cribl API Reference:
            inputs:
                - location: https://raw.githubusercontent.com/criblio/cribl-openapi-spec/main/specs/control-plane.yml
            output: .speakeasy/out.openapi.yaml
            registry:
                location: registry.speakeasyapi.dev/cribl/cribl/cribl-api-reference
    targets:
        cribl-control-plane:
            target: go
            source: Cribl API Reference
            codeSamples:
                registry:
                    location: registry.speakeasyapi.dev/cribl/cribl/cribl-api-reference-go-code-samples
                labelOverride:
                    fixedValue: Go (SDK)
                blocking: false
            testing:
                enabled: true
