speakeasyVersion: 1.708.2
sources:
    Cribl API Reference:
        sourceNamespace: cribl-api-reference
        sourceRevisionDigest: sha256:da976a0cd874627022450165183dc7395821191edb7e459a08646fd0b0ca7b4f
        sourceBlobDigest: sha256:359b1e1ef36b7ce8c11b3ab1598b540116f785ed02dd14e13d260ca50ff26405
        tags:
            - latest
            - speakeasy-sdk-regen-dev-1770600159
            - 4.17.0-alpha.1770505444443-cc3dc92c
targets:
    cribl-control-plane:
        source: Cribl API Reference
        sourceNamespace: cribl-api-reference
        sourceRevisionDigest: sha256:da976a0cd874627022450165183dc7395821191edb7e459a08646fd0b0ca7b4f
        sourceBlobDigest: sha256:359b1e1ef36b7ce8c11b3ab1598b540116f785ed02dd14e13d260ca50ff26405
        codeSamplesNamespace: cribl-api-reference-go-code-samples
        codeSamplesRevisionDigest: sha256:ed801d9bbb5aa8ace59134e64f80c5b486e8246ac0013943048ed4e3a88e75fb
workflow:
    workflowVersion: 1.0.0
    speakeasyVersion: 1.708.2
    sources:
        Cribl API Reference:
            inputs:
                - location: https://raw.githubusercontent.com/criblio/cribl-openapi-spec/main/specs/control-plane-dev.yml
            output: .speakeasy/out.openapi.yaml
            registry:
                location: registry.speakeasyapi.dev/cribl/cribl/cribl-api-reference
    targets:
        cribl-control-plane:
            target: go
            source: Cribl API Reference
            codeSamples:
                registry:
                    location: registry.speakeasyapi.dev/cribl/cribl/cribl-api-reference-go-code-samples
                labelOverride:
                    fixedValue: Go (SDK)
                blocking: false
            testing:
                enabled: false
